<?xml version="1.0" encoding="utf-8"?>
<Project ToolsVersion="4.0" xmlns="http://schemas.microsoft.com/developer/msbuild/2003">
  <ItemGroup>
    <Filter Include="源文件">
      <UniqueIdentifier>{4FC737F1-C7A5-4376-A066-2A32D752A2FF}</UniqueIdentifier>
      <Extensions>cpp;c;cc;cxx;def;odl;idl;hpj;bat;asm;asmx</Extensions>
    </Filter>
    <Filter Include="头文件">
      <UniqueIdentifier>{93995380-89BD-4b04-88EB-625FBE52EBFB}</UniqueIdentifier>
      <Extensions>h;hh;hpp;hxx;hm;inl;inc;ipp;xsd</Extensions>
    </Filter>
    <Filter Include="资源文件">
      <UniqueIdentifier>{67DA6AB6-F800-4c08-8B7A-83BB121AAD01}</UniqueIdentifier>
      <Extensions>rc;ico;cur;bmp;dlg;rc2;rct;bin;rgs;gif;jpg;jpeg;jpe;resx;tiff;tif;png;wav;mfcribbon-ms</Extensions>
    </Filter>
  </ItemGroup>
  <ItemGroup>
    <ClCompile Include="main.cpp">
      <Filter>源文件</Filter>
    </ClCompile>
    <ClCompile Include="auto_landing.cpp">
      <Filter>源文件</Filter>
    </ClCompile>
    <ClCompile Include="XPlaneUDPClient.cpp">
      <Filter>源文件</Filter>
    </ClCompile>
    <ClCompile Include="XPUtils.cpp">
      <Filter>源文件</Filter>
    </ClCompile>
    <ClCompile Include="image_process.cpp">
      <Filter>源文件</Filter>
    </ClCompile>
    <ClCompile Include="KMeans.cpp">
      <Filter>源文件</Filter>
    </ClCompile>
    <ClCompile Include="fileUtils.cpp">
      <Filter>源文件</Filter>
    </ClCompile>
    <ClCompile Include="visualize.cpp">
      <Filter>源文件</Filter>
    </ClCompile>
    <ClCompile Include="bird_view.cpp">
      <Filter>源文件</Filter>
    </ClCompile>
    <ClCompile Include="digital_recg.cpp">
      <Filter>源文件</Filter>
    </ClCompile>
    <ClCompile Include="alerting.cpp">
      <Filter>源文件</Filter>
    </ClCompile>
    <ClCompile Include="cp_socket.cpp">
      <Filter>源文件</Filter>
    </ClCompile>
    <ClCompile Include="line_detect.cpp">
      <Filter>源文件</Filter>
    </ClCompile>
  </ItemGroup>
  <ItemGroup>
    <ClInclude Include="auto_landing.h">
      <Filter>头文件</Filter>
    </ClInclude>
    <ClInclude Include="XPlaneUDPClient.h">
      <Filter>头文件</Filter>
    </ClInclude>
    <ClInclude Include="XPUtils.h">
      <Filter>头文件</Filter>
    </ClInclude>
    <ClInclude Include="image_process.h">
      <Filter>头文件</Filter>
    </ClInclude>
    <ClInclude Include="tic_toc.h">
      <Filter>头文件</Filter>
    </ClInclude>
    <ClInclude Include="data_collect.h">
      <Filter>头文件</Filter>
    </ClInclude>
    <ClInclude Include="KMeans.h">
      <Filter>头文件</Filter>
    </ClInclude>
    <ClInclude Include="fileUtils.h">
      <Filter>头文件</Filter>
    </ClInclude>
    <ClInclude Include="visualize.h">
      <Filter>头文件</Filter>
    </ClInclude>
    <ClInclude Include="bird_view.h">
      <Filter>头文件</Filter>
    </ClInclude>
    <ClInclude Include="digital_recg.h">
      <Filter>头文件</Filter>
    </ClInclude>
    <ClInclude Include="alerting.h">
      <Filter>头文件</Filter>
    </ClInclude>
    <ClInclude Include="cp_socket.h">
      <Filter>头文件</Filter>
    </ClInclude>
    <ClInclude Include="line_detect.h">
      <Filter>头文件</Filter>
    </ClInclude>
  </ItemGroup>
</Project>